
Microsoft Visual Studio Solution File, Format Version 12.00
# Visual Studio Version 16
VisualStudioVersion = 16.0.30503.244
MinimumVisualStudioVersion = 10.0.40219.1
Project("{F184B08F-C81C-45F6-A57F-5ABD9991F28F}") = "InvoiceInfo", "InvoiceInfo\InvoiceInfo.vbproj", "{A8945646-8328-4402-98AF-FEEAC7AC9E04}"
EndProject
Global
	GlobalSection(SolutionConfigurationPlatforms) = preSolution
		Debug|Any CPU = Debug|Any CPU
		Release|Any CPU = Release|Any CPU
	EndGlobalSection
	GlobalSection(ProjectConfigurationPlatforms) = postSolution
		{A8945646-8328-4402-98AF-FEEAC7AC9E04}.Debug|Any CPU.ActiveCfg = Debug|Any CPU
		{A8945646-8328-4402-98AF-FEEAC7AC9E04}.Debug|Any CPU.Build.0 = Debug|Any CPU
		{A8945646-8328-4402-98AF-FEEAC7AC9E04}.Release|Any CPU.ActiveCfg = Release|Any CPU
		{A8945646-8328-4402-98AF-FEEAC7AC9E04}.Release|Any CPU.Build.0 = Release|Any CPU
	EndGlobalSection
	GlobalSection(SolutionProperties) = preSolution
		HideSolutionNode = FALSE
	EndGlobalSection
	GlobalSection(ExtensibilityGlobals) = postSolution
		SolutionGuid = {D0CEBB09-7362-406C-B726-02D540A84233}
	EndGlobalSection
EndGlobal
