
Microsoft Visual Studio Solution File, Format Version 10.00
# Visual Studio 2008
Project("{F184B08F-C81C-45F6-A57F-5ABD9991F28F}") = "ApskaitaObjects", "Apskaita5\ApskaitaObjects.vbproj", "{5F12CA52-9B64-42A3-B168-7861C44FD24E}"
	ProjectSection(ProjectDependencies) = postProject
		{13ADAA16-3D3A-4F2A-A5D4-D6DE94A31614} = {13ADAA16-3D3A-4F2A-A5D4-D6DE94A31614}
	EndProjectSection
EndProject
Project("{F184B08F-C81C-45F6-A57F-5ABD9991F28F}") = "Apskaita", "Apskaita3\Apskaita\Apskaita.vbproj", "{650E821F-92C3-42F8-A052-E06E22462BEA}"
	ProjectSection(ProjectDependencies) = postProject
		{13ADAA16-3D3A-4F2A-A5D4-D6DE94A31614} = {13ADAA16-3D3A-4F2A-A5D4-D6DE94A31614}
	EndProjectSection
EndProject
Project("{F184B08F-C81C-45F6-A57F-5ABD9991F28F}") = "AccDataAccessLayer", "..\AccDataAccessLayer\AccDataAccessLayer\AccDataAccessLayer.vbproj", "{13ADAA16-3D3A-4F2A-A5D4-D6DE94A31614}"
EndProject
Project("{F184B08F-C81C-45F6-A57F-5ABD9991F28F}") = "AccMigration", "AccMigration\AccMigration.vbproj", "{C3A05BDF-8441-4419-9C38-739A762B1581}"
EndProject
Project("{F184B08F-C81C-45F6-A57F-5ABD9991F28F}") = "AccCommon", "AccCommon\AccCommon.vbproj", "{380B0551-D15D-4072-A72C-406274CCB50E}"
EndProject
Project("{F184B08F-C81C-45F6-A57F-5ABD9991F28F}") = "AccControlsWinForms", "AccControlsWinForms\AccControlsWinForms.vbproj", "{FF0A84CB-84D9-4984-88C1-9035D4A5D7CC}"
EndProject
Project("{F184B08F-C81C-45F6-A57F-5ABD9991F28F}") = "AccDataBindingsWinForms", "AccDataBindingsWinForms\AccDataBindingsWinForms.vbproj", "{4F683A20-E3ED-4A04-9B13-C02AC23397A8}"
EndProject
Project("{F184B08F-C81C-45F6-A57F-5ABD9991F28F}") = "AccPluginManager", "PluginManager\AccPluginManager.vbproj", "{5ABA2DD0-A3F3-4221-9E89-CA13B75DBB01}"
EndProject
Project("{F184B08F-C81C-45F6-A57F-5ABD9991F28F}") = "AccIPlugin", "AccIPlugin\AccIPlugin.vbproj", "{CB83E2D4-0930-43F9-A482-F8E566B64D23}"
EndProject
Project("{F184B08F-C81C-45F6-A57F-5ABD9991F28F}") = "ApskaitaRemotingServer", "ApskaitaRemotingServer\ApskaitaRemotingServer.vbproj", "{4DC6169D-1368-4926-8460-04CB5296B5C5}"
EndProject
Project("{F184B08F-C81C-45F6-A57F-5ABD9991F28F}") = "AccDataProvider", "AccDataProvider\AccDataProvider.vbproj", "{839E9F67-BE1A-4B6F-A42E-B8C0F1DCAB9F}"
EndProject
Project("{F184B08F-C81C-45F6-A57F-5ABD9991F28F}") = "AccWebService", "AccWebService\AccWebService.vbproj", "{498AEE74-A6FE-4C3D-96ED-93F7E6EB5155}"
EndProject
Global
	GlobalSection(SolutionConfigurationPlatforms) = preSolution
		Debug|Any CPU = Debug|Any CPU
		Debug|x86 = Debug|x86
		Release|Any CPU = Release|Any CPU
		Release|x86 = Release|x86
	EndGlobalSection
	GlobalSection(ProjectConfigurationPlatforms) = postSolution
		{5F12CA52-9B64-42A3-B168-7861C44FD24E}.Debug|Any CPU.ActiveCfg = Debug|Any CPU
		{5F12CA52-9B64-42A3-B168-7861C44FD24E}.Debug|Any CPU.Build.0 = Debug|Any CPU
		{5F12CA52-9B64-42A3-B168-7861C44FD24E}.Debug|x86.ActiveCfg = Debug|x86
		{5F12CA52-9B64-42A3-B168-7861C44FD24E}.Debug|x86.Build.0 = Debug|x86
		{5F12CA52-9B64-42A3-B168-7861C44FD24E}.Release|Any CPU.ActiveCfg = Release|Any CPU
		{5F12CA52-9B64-42A3-B168-7861C44FD24E}.Release|Any CPU.Build.0 = Release|Any CPU
		{5F12CA52-9B64-42A3-B168-7861C44FD24E}.Release|x86.ActiveCfg = Release|x86
		{5F12CA52-9B64-42A3-B168-7861C44FD24E}.Release|x86.Build.0 = Release|x86
		{650E821F-92C3-42F8-A052-E06E22462BEA}.Debug|Any CPU.ActiveCfg = Debug|Any CPU
		{650E821F-92C3-42F8-A052-E06E22462BEA}.Debug|Any CPU.Build.0 = Debug|Any CPU
		{650E821F-92C3-42F8-A052-E06E22462BEA}.Debug|x86.ActiveCfg = Debug|x86
		{650E821F-92C3-42F8-A052-E06E22462BEA}.Debug|x86.Build.0 = Debug|x86
		{650E821F-92C3-42F8-A052-E06E22462BEA}.Release|Any CPU.ActiveCfg = Release|Any CPU
		{650E821F-92C3-42F8-A052-E06E22462BEA}.Release|Any CPU.Build.0 = Release|Any CPU
		{650E821F-92C3-42F8-A052-E06E22462BEA}.Release|x86.ActiveCfg = Release|x86
		{650E821F-92C3-42F8-A052-E06E22462BEA}.Release|x86.Build.0 = Release|x86
		{13ADAA16-3D3A-4F2A-A5D4-D6DE94A31614}.Debug|Any CPU.ActiveCfg = Debug|Any CPU
		{13ADAA16-3D3A-4F2A-A5D4-D6DE94A31614}.Debug|Any CPU.Build.0 = Debug|Any CPU
		{13ADAA16-3D3A-4F2A-A5D4-D6DE94A31614}.Debug|x86.ActiveCfg = Debug|x86
		{13ADAA16-3D3A-4F2A-A5D4-D6DE94A31614}.Debug|x86.Build.0 = Debug|x86
		{13ADAA16-3D3A-4F2A-A5D4-D6DE94A31614}.Release|Any CPU.ActiveCfg = Release|Any CPU
		{13ADAA16-3D3A-4F2A-A5D4-D6DE94A31614}.Release|Any CPU.Build.0 = Release|Any CPU
		{13ADAA16-3D3A-4F2A-A5D4-D6DE94A31614}.Release|x86.ActiveCfg = Release|x86
		{13ADAA16-3D3A-4F2A-A5D4-D6DE94A31614}.Release|x86.Build.0 = Release|x86
		{C3A05BDF-8441-4419-9C38-739A762B1581}.Debug|Any CPU.ActiveCfg = Debug|Any CPU
		{C3A05BDF-8441-4419-9C38-739A762B1581}.Debug|Any CPU.Build.0 = Debug|Any CPU
		{C3A05BDF-8441-4419-9C38-739A762B1581}.Debug|x86.ActiveCfg = Debug|x86
		{C3A05BDF-8441-4419-9C38-739A762B1581}.Debug|x86.Build.0 = Debug|x86
		{C3A05BDF-8441-4419-9C38-739A762B1581}.Release|Any CPU.ActiveCfg = Release|Any CPU
		{C3A05BDF-8441-4419-9C38-739A762B1581}.Release|Any CPU.Build.0 = Release|Any CPU
		{C3A05BDF-8441-4419-9C38-739A762B1581}.Release|x86.ActiveCfg = Release|x86
		{C3A05BDF-8441-4419-9C38-739A762B1581}.Release|x86.Build.0 = Release|x86
		{380B0551-D15D-4072-A72C-406274CCB50E}.Debug|Any CPU.ActiveCfg = Debug|Any CPU
		{380B0551-D15D-4072-A72C-406274CCB50E}.Debug|Any CPU.Build.0 = Debug|Any CPU
		{380B0551-D15D-4072-A72C-406274CCB50E}.Debug|x86.ActiveCfg = Debug|x86
		{380B0551-D15D-4072-A72C-406274CCB50E}.Debug|x86.Build.0 = Debug|x86
		{380B0551-D15D-4072-A72C-406274CCB50E}.Release|Any CPU.ActiveCfg = Release|Any CPU
		{380B0551-D15D-4072-A72C-406274CCB50E}.Release|Any CPU.Build.0 = Release|Any CPU
		{380B0551-D15D-4072-A72C-406274CCB50E}.Release|x86.ActiveCfg = Release|x86
		{380B0551-D15D-4072-A72C-406274CCB50E}.Release|x86.Build.0 = Release|x86
		{FF0A84CB-84D9-4984-88C1-9035D4A5D7CC}.Debug|Any CPU.ActiveCfg = Debug|Any CPU
		{FF0A84CB-84D9-4984-88C1-9035D4A5D7CC}.Debug|Any CPU.Build.0 = Debug|Any CPU
		{FF0A84CB-84D9-4984-88C1-9035D4A5D7CC}.Debug|x86.ActiveCfg = Debug|x86
		{FF0A84CB-84D9-4984-88C1-9035D4A5D7CC}.Debug|x86.Build.0 = Debug|x86
		{FF0A84CB-84D9-4984-88C1-9035D4A5D7CC}.Release|Any CPU.ActiveCfg = Release|Any CPU
		{FF0A84CB-84D9-4984-88C1-9035D4A5D7CC}.Release|Any CPU.Build.0 = Release|Any CPU
		{FF0A84CB-84D9-4984-88C1-9035D4A5D7CC}.Release|x86.ActiveCfg = Release|x86
		{FF0A84CB-84D9-4984-88C1-9035D4A5D7CC}.Release|x86.Build.0 = Release|x86
		{4F683A20-E3ED-4A04-9B13-C02AC23397A8}.Debug|Any CPU.ActiveCfg = Debug|Any CPU
		{4F683A20-E3ED-4A04-9B13-C02AC23397A8}.Debug|Any CPU.Build.0 = Debug|Any CPU
		{4F683A20-E3ED-4A04-9B13-C02AC23397A8}.Debug|x86.ActiveCfg = Debug|x86
		{4F683A20-E3ED-4A04-9B13-C02AC23397A8}.Debug|x86.Build.0 = Debug|x86
		{4F683A20-E3ED-4A04-9B13-C02AC23397A8}.Release|Any CPU.ActiveCfg = Release|Any CPU
		{4F683A20-E3ED-4A04-9B13-C02AC23397A8}.Release|Any CPU.Build.0 = Release|Any CPU
		{4F683A20-E3ED-4A04-9B13-C02AC23397A8}.Release|x86.ActiveCfg = Release|x86
		{4F683A20-E3ED-4A04-9B13-C02AC23397A8}.Release|x86.Build.0 = Release|x86
		{5ABA2DD0-A3F3-4221-9E89-CA13B75DBB01}.Debug|Any CPU.ActiveCfg = Debug|Any CPU
		{5ABA2DD0-A3F3-4221-9E89-CA13B75DBB01}.Debug|Any CPU.Build.0 = Debug|Any CPU
		{5ABA2DD0-A3F3-4221-9E89-CA13B75DBB01}.Debug|x86.ActiveCfg = Debug|x86
		{5ABA2DD0-A3F3-4221-9E89-CA13B75DBB01}.Debug|x86.Build.0 = Debug|x86
		{5ABA2DD0-A3F3-4221-9E89-CA13B75DBB01}.Release|Any CPU.ActiveCfg = Release|Any CPU
		{5ABA2DD0-A3F3-4221-9E89-CA13B75DBB01}.Release|Any CPU.Build.0 = Release|Any CPU
		{5ABA2DD0-A3F3-4221-9E89-CA13B75DBB01}.Release|x86.ActiveCfg = Release|x86
		{5ABA2DD0-A3F3-4221-9E89-CA13B75DBB01}.Release|x86.Build.0 = Release|x86
		{CB83E2D4-0930-43F9-A482-F8E566B64D23}.Debug|Any CPU.ActiveCfg = Debug|Any CPU
		{CB83E2D4-0930-43F9-A482-F8E566B64D23}.Debug|Any CPU.Build.0 = Debug|Any CPU
		{CB83E2D4-0930-43F9-A482-F8E566B64D23}.Debug|x86.ActiveCfg = Debug|x86
		{CB83E2D4-0930-43F9-A482-F8E566B64D23}.Debug|x86.Build.0 = Debug|x86
		{CB83E2D4-0930-43F9-A482-F8E566B64D23}.Release|Any CPU.ActiveCfg = Release|Any CPU
		{CB83E2D4-0930-43F9-A482-F8E566B64D23}.Release|Any CPU.Build.0 = Release|Any CPU
		{CB83E2D4-0930-43F9-A482-F8E566B64D23}.Release|x86.ActiveCfg = Release|x86
		{CB83E2D4-0930-43F9-A482-F8E566B64D23}.Release|x86.Build.0 = Release|x86
		{4DC6169D-1368-4926-8460-04CB5296B5C5}.Debug|Any CPU.ActiveCfg = Debug|Any CPU
		{4DC6169D-1368-4926-8460-04CB5296B5C5}.Debug|Any CPU.Build.0 = Debug|Any CPU
		{4DC6169D-1368-4926-8460-04CB5296B5C5}.Debug|x86.ActiveCfg = Debug|Any CPU
		{4DC6169D-1368-4926-8460-04CB5296B5C5}.Debug|x86.Build.0 = Debug|Any CPU
		{4DC6169D-1368-4926-8460-04CB5296B5C5}.Release|Any CPU.ActiveCfg = Release|Any CPU
		{4DC6169D-1368-4926-8460-04CB5296B5C5}.Release|Any CPU.Build.0 = Release|Any CPU
		{4DC6169D-1368-4926-8460-04CB5296B5C5}.Release|x86.ActiveCfg = Release|x86
		{4DC6169D-1368-4926-8460-04CB5296B5C5}.Release|x86.Build.0 = Release|x86
		{839E9F67-BE1A-4B6F-A42E-B8C0F1DCAB9F}.Debug|Any CPU.ActiveCfg = Debug|Any CPU
		{839E9F67-BE1A-4B6F-A42E-B8C0F1DCAB9F}.Debug|Any CPU.Build.0 = Debug|Any CPU
		{839E9F67-BE1A-4B6F-A42E-B8C0F1DCAB9F}.Debug|x86.ActiveCfg = Debug|x86
		{839E9F67-BE1A-4B6F-A42E-B8C0F1DCAB9F}.Debug|x86.Build.0 = Debug|x86
		{839E9F67-BE1A-4B6F-A42E-B8C0F1DCAB9F}.Release|Any CPU.ActiveCfg = Release|Any CPU
		{839E9F67-BE1A-4B6F-A42E-B8C0F1DCAB9F}.Release|Any CPU.Build.0 = Release|Any CPU
		{839E9F67-BE1A-4B6F-A42E-B8C0F1DCAB9F}.Release|x86.ActiveCfg = Release|x86
		{839E9F67-BE1A-4B6F-A42E-B8C0F1DCAB9F}.Release|x86.Build.0 = Release|x86
		{498AEE74-A6FE-4C3D-96ED-93F7E6EB5155}.Debug|Any CPU.ActiveCfg = Debug|Any CPU
		{498AEE74-A6FE-4C3D-96ED-93F7E6EB5155}.Debug|Any CPU.Build.0 = Debug|Any CPU
		{498AEE74-A6FE-4C3D-96ED-93F7E6EB5155}.Debug|x86.ActiveCfg = Debug|Any CPU
		{498AEE74-A6FE-4C3D-96ED-93F7E6EB5155}.Release|Any CPU.ActiveCfg = Release|Any CPU
		{498AEE74-A6FE-4C3D-96ED-93F7E6EB5155}.Release|Any CPU.Build.0 = Release|Any CPU
		{498AEE74-A6FE-4C3D-96ED-93F7E6EB5155}.Release|x86.ActiveCfg = Release|Any CPU
	EndGlobalSection
	GlobalSection(SolutionProperties) = preSolution
		HideSolutionNode = FALSE
	EndGlobalSection
EndGlobal
